
Microsoft Visual Studio Solution File, Format Version 12.00
# Visual Studio Version 17
VisualStudioVersion = 17.1.32210.238
MinimumVisualStudioVersion = 10.0.40219.1
Project("{FAE04EC0-301F-11D3-BF4B-00C04F79EFBC}") = "hellasfin.ducusign.blazor", "hellasfin.ducusign.blazor\hellasfin.ducusign.blazor.csproj", "{43E52CCB-8ED4-45A7-8B27-869263EC0DFE}"
EndProject
Project("{FAE04EC0-301F-11D3-BF4B-00C04F79EFBC}") = "hellasfin.docusign.dal", "hellasfin.docusign.dal\hellasfin.docusign.dal.csproj", "{F1469C79-1D14-41E4-9B76-AF652093A5B0}"
EndProject
Global
	GlobalSection(SolutionConfigurationPlatforms) = preSolution
		Debug|Any CPU = Debug|Any CPU
		Release|Any CPU = Release|Any CPU
	EndGlobalSection
	GlobalSection(ProjectConfigurationPlatforms) = postSolution
		{43E52CCB-8ED4-45A7-8B27-869263EC0DFE}.Debug|Any CPU.ActiveCfg = Debug|Any CPU
		{43E52CCB-8ED4-45A7-8B27-869263EC0DFE}.Debug|Any CPU.Build.0 = Debug|Any CPU
		{43E52CCB-8ED4-45A7-8B27-869263EC0DFE}.Release|Any CPU.ActiveCfg = Release|Any CPU
		{43E52CCB-8ED4-45A7-8B27-869263EC0DFE}.Release|Any CPU.Build.0 = Release|Any CPU
		{F1469C79-1D14-41E4-9B76-AF652093A5B0}.Debug|Any CPU.ActiveCfg = Debug|Any CPU
		{F1469C79-1D14-41E4-9B76-AF652093A5B0}.Debug|Any CPU.Build.0 = Debug|Any CPU
		{F1469C79-1D14-41E4-9B76-AF652093A5B0}.Release|Any CPU.ActiveCfg = Release|Any CPU
		{F1469C79-1D14-41E4-9B76-AF652093A5B0}.Release|Any CPU.Build.0 = Release|Any CPU
	EndGlobalSection
	GlobalSection(SolutionProperties) = preSolution
		HideSolutionNode = FALSE
	EndGlobalSection
	GlobalSection(ExtensibilityGlobals) = postSolution
		SolutionGuid = {7CFD2763-92FA-45D4-9F99-9BBA003E4353}
	EndGlobalSection
EndGlobal
